<?xml version="1.0" encoding="utf-8"?>
<Project ToolsVersion="4.0" xmlns="http://schemas.microsoft.com/developer/msbuild/2003">
  <ItemGroup>
    <Filter Include="Source Files">
      <UniqueIdentifier>{4FC737F1-C7A5-4376-A066-2A32D752A2FF}</UniqueIdentifier>
      <Extensions>cpp;c;cc;cxx;def;odl;idl;hpj;bat;asm;asmx</Extensions>
    </Filter>
    <Filter Include="Header Files">
      <UniqueIdentifier>{93995380-89BD-4b04-88EB-625FBE52EBFB}</UniqueIdentifier>
      <Extensions>h;hh;hpp;hxx;hm;inl;inc;xsd</Extensions>
    </Filter>
    <Filter Include="Resource Files">
      <UniqueIdentifier>{67DA6AB6-F800-4c08-8B7A-83BB121AAD01}</UniqueIdentifier>
      <Extensions>rc;ico;cur;bmp;dlg;rc2;rct;bin;rgs;gif;jpg;jpeg;jpe;resx;tiff;tif;png;wav;mfcribbon-ms</Extensions>
    </Filter>
    <Filter Include="Source Files\menu">
      <UniqueIdentifier>{019fe273-aeeb-4bb2-b145-1da493896298}</UniqueIdentifier>
    </Filter>
    <Filter Include="Source Files\botones">
      <UniqueIdentifier>{65787616-a4cb-4690-a152-78d07a912ec7}</UniqueIdentifier>
    </Filter>
    <Filter Include="Source Files\luces">
      <UniqueIdentifier>{42f47723-97e7-47db-b215-483619605aea}</UniqueIdentifier>
    </Filter>
    <Filter Include="Source Files\Texturas">
      <UniqueIdentifier>{4a7da0ca-c66b-4711-849b-5eb5ac3725dd}</UniqueIdentifier>
    </Filter>
    <Filter Include="Source Files\personaje">
      <UniqueIdentifier>{d62e2fb5-ef12-4462-b10e-e5c1a9393965}</UniqueIdentifier>
    </Filter>
    <Filter Include="Source Files\objetosgeometricos">
      <UniqueIdentifier>{b3c52ac5-1b4c-418d-bb13-dafdf618325b}</UniqueIdentifier>
    </Filter>
  </ItemGroup>
  <ItemGroup>
    <ClCompile Include="..\main.cpp">
      <Filter>Source Files</Filter>
    </ClCompile>
    <ClCompile Include="Escena\escena.cpp">
      <Filter>Source Files</Filter>
    </ClCompile>
    <ClCompile Include="Utils\vector3.cpp">
      <Filter>Source Files</Filter>
    </ClCompile>
    <ClCompile Include="Escena\camara.cpp">
      <Filter>Source Files</Filter>
    </ClCompile>
    <ClCompile Include="Player\player.cpp">
      <Filter>Source Files</Filter>
    </ClCompile>
    <ClCompile Include="gamehub.cpp">
      <Filter>Source Files</Filter>
    </ClCompile>
    <ClCompile Include="rectangulo.cpp">
      <Filter>Source Files\objetosgeometricos</Filter>
    </ClCompile>
    <ClCompile Include="menuDeSettings.cpp">
      <Filter>Source Files\menu</Filter>
    </ClCompile>
    <ClCompile Include="vector2.cpp">
      <Filter>Source Files</Filter>
    </ClCompile>
    <ClCompile Include="boton1.cpp">
      <Filter>Source Files</Filter>
    </ClCompile>
  </ItemGroup>
  <ItemGroup>
    <ClInclude Include="Escena\camara.h">
      <Filter>Header Files</Filter>
    </ClInclude>
    <ClInclude Include="Escena\escena.h">
      <Filter>Header Files</Filter>
    </ClInclude>
    <ClInclude Include="Utils\vector3.h">
      <Filter>Header Files</Filter>
    </ClInclude>
    <ClInclude Include="Player\player.h">
      <Filter>Header Files</Filter>
    </ClInclude>
    <ClCompile Include="boton.cpp">
      <Filter>Source Files\botones</Filter>
    </ClCompile>
    <ClCompile Include="luces.cpp">
      <Filter>Source Files\luces</Filter>
    </ClCompile>
    <ClCompile Include="Texturas.cpp">
      <Filter>Source Files\Texturas</Filter>
    </ClCompile>
    <ClCompile Include="cargadorT.cpp">
      <Filter>Source Files\Texturas</Filter>
    </ClCompile>
    <ClCompile Include="manejadorT.cpp">
      <Filter>Source Files\Texturas</Filter>
    </ClCompile>
    <ClCompile Include="manejadorL.cpp">
      <Filter>Source Files\luces</Filter>
    </ClCompile>
    <ClCompile Include="settings.cpp">
      <Filter>Source Files\menu</Filter>
    </ClCompile>
    <ClCompile Include="velocidades.cpp">
      <Filter>Source Files\menu</Filter>
    </ClCompile>
    <ClCompile Include="timer.cpp">
      <Filter>Source Files\menu</Filter>
    </ClCompile>
    <ClInclude Include="gamehub.h">
      <Filter>Header Files</Filter>
    </ClInclude>
    <ClInclude Include="rectangulo.h">
      <Filter>Header Files</Filter>
    </ClInclude>
    <ClInclude Include="menuDeSettings.h">
      <Filter>Header Files</Filter>
    </ClInclude>
    <ClInclude Include="vector2.h">
      <Filter>Header Files</Filter>
    </ClInclude>
    <ClInclude Include="boton1.hpp">
      <Filter>Header Files</Filter>
    </ClInclude>
  </ItemGroup>
  <ItemGroup>
    <ClInclude Include="boton.hpp">
      <Filter>Header Files</Filter>
    </ClInclude>
    <ClInclude Include="luces.hpp">
      <Filter>Header Files</Filter>
    </ClInclude>
    <ClInclude Include="Texturas.h">
      <Filter>Header Files</Filter>
    </ClInclude>
    <ClInclude Include="cargadorT.h">
      <Filter>Header Files</Filter>
    </ClInclude>
    <ClInclude Include="manejadorT.h">
      <Filter>Header Files</Filter>
    </ClInclude>
    <ClInclude Include="manejadorL.h">
      <Filter>Header Files</Filter>
    </ClInclude>
    <ClInclude Include="resource.h">
      <Filter>Header Files</Filter>
    </ClInclude>
    <ClInclude Include="Settings.h">
      <Filter>Header Files</Filter>
    </ClInclude>
    <ClInclude Include="velocidades.h">
      <Filter>Header Files</Filter>
    </ClInclude>
    <ClInclude Include="timer.h">
      <Filter>Header Files</Filter>
    </ClInclude>
  </ItemGroup>
  <ItemGroup>
    <ResourceCompile Include="OpenGL-basico.rc">
      <Filter>Resource Files</Filter>
    </ResourceCompile>
  </ItemGroup>
</Project>